
Microsoft Visual Studio Solution File, Format Version 12.00
# Visual Studio 15
VisualStudioVersion = 15.0.27130.2024
MinimumVisualStudioVersion = 10.0.40219.1
Project("{FAE04EC0-301F-11D3-BF4B-00C04F79EFBC}") = "DateLocalisationExample", "DateLocalisationExample\DateLocalisationExample.csproj", "{32BE21FF-5399-41FD-B5F0-D07F236731B8}"
EndProject
Global
	GlobalSection(SolutionConfigurationPlatforms) = preSolution
		Debug|Any CPU = Debug|Any CPU
		Release|Any CPU = Release|Any CPU
	EndGlobalSection
	GlobalSection(ProjectConfigurationPlatforms) = postSolution
		{32BE21FF-5399-41FD-B5F0-D07F236731B8}.Debug|Any CPU.ActiveCfg = Debug|Any CPU
		{32BE21FF-5399-41FD-B5F0-D07F236731B8}.Debug|Any CPU.Build.0 = Debug|Any CPU
		{32BE21FF-5399-41FD-B5F0-D07F236731B8}.Release|Any CPU.ActiveCfg = Release|Any CPU
		{32BE21FF-5399-41FD-B5F0-D07F236731B8}.Release|Any CPU.Build.0 = Release|Any CPU
	EndGlobalSection
	GlobalSection(SolutionProperties) = preSolution
		HideSolutionNode = FALSE
	EndGlobalSection
	GlobalSection(ExtensibilityGlobals) = postSolution
		SolutionGuid = {F84448ED-6D96-4F1B-873C-25776DC6CC11}
	EndGlobalSection
EndGlobal
